
Microsoft Visual Studio Solution File, Format Version 12.00
# Visual Studio Version 17
VisualStudioVersion = 17.11.35312.102
MinimumVisualStudioVersion = 10.0.40219.1
Project("{FAE04EC0-301F-11D3-BF4B-00C04F79EFBC}") = "Clens.Android", "Clens\Clens.Android\Clens.Android.csproj", "{81FF0DC3-6A7A-4CE8-A36A-1F70C6CB69E7}"
EndProject
Project("{FAE04EC0-301F-11D3-BF4B-00C04F79EFBC}") = "Clens", "Clens\Clens\Clens.csproj", "{B5275DBD-57BC-4F79-9F81-30EEB6646825}"
EndProject
Global
	GlobalSection(SolutionConfigurationPlatforms) = preSolution
		Debug|Any CPU = Debug|Any CPU
		Release|Any CPU = Release|Any CPU
	EndGlobalSection
	GlobalSection(ProjectConfigurationPlatforms) = postSolution
		{81FF0DC3-6A7A-4CE8-A36A-1F70C6CB69E7}.Debug|Any CPU.ActiveCfg = Debug|Any CPU
		{81FF0DC3-6A7A-4CE8-A36A-1F70C6CB69E7}.Debug|Any CPU.Build.0 = Debug|Any CPU
		{81FF0DC3-6A7A-4CE8-A36A-1F70C6CB69E7}.Debug|Any CPU.Deploy.0 = Debug|Any CPU
		{81FF0DC3-6A7A-4CE8-A36A-1F70C6CB69E7}.Release|Any CPU.ActiveCfg = Release|Any CPU
		{81FF0DC3-6A7A-4CE8-A36A-1F70C6CB69E7}.Release|Any CPU.Build.0 = Release|Any CPU
		{81FF0DC3-6A7A-4CE8-A36A-1F70C6CB69E7}.Release|Any CPU.Deploy.0 = Release|Any CPU
		{B5275DBD-57BC-4F79-9F81-30EEB6646825}.Debug|Any CPU.ActiveCfg = Debug|Any CPU
		{B5275DBD-57BC-4F79-9F81-30EEB6646825}.Debug|Any CPU.Build.0 = Debug|Any CPU
		{B5275DBD-57BC-4F79-9F81-30EEB6646825}.Debug|Any CPU.Deploy.0 = Debug|Any CPU
		{B5275DBD-57BC-4F79-9F81-30EEB6646825}.Release|Any CPU.ActiveCfg = Release|Any CPU
		{B5275DBD-57BC-4F79-9F81-30EEB6646825}.Release|Any CPU.Build.0 = Release|Any CPU
		{B5275DBD-57BC-4F79-9F81-30EEB6646825}.Release|Any CPU.Deploy.0 = Release|Any CPU
	EndGlobalSection
	GlobalSection(SolutionProperties) = preSolution
		HideSolutionNode = FALSE
	EndGlobalSection
	GlobalSection(ExtensibilityGlobals) = postSolution
		SolutionGuid = {8344D92A-F34A-4B20-B62B-201C1E04140E}
	EndGlobalSection
EndGlobal
